
Microsoft Visual Studio Solution File, Format Version 12.00
# Visual Studio 15
VisualStudioVersion = 15.0.26430.6
MinimumVisualStudioVersion = 10.0.40219.1
Project("{FAE04EC0-301F-11D3-BF4B-00C04F79EFBC}") = "synchronizer", "synchronizer\synchronizer.csproj", "{555E2B1C-B677-433C-9A0D-A9C7912FF76A}"
EndProject
Project("{FAE04EC0-301F-11D3-BF4B-00C04F79EFBC}") = "SynchronizerLibUnitTests", "synchronizerUnitTests\SynchronizerLibUnitTests.csproj", "{13F21010-0862-43F8-B85D-621F878E120D}"
EndProject
Project("{FAE04EC0-301F-11D3-BF4B-00C04F79EFBC}") = "SynchronizerLib", "SynchronizerLib\SynchronizerLib.csproj", "{7D9990EA-7F3D-4236-B07B-9D309841C204}"
EndProject
Project("{FAE04EC0-301F-11D3-BF4B-00C04F79EFBC}") = "Logger", "Logger\Logger.csproj", "{82D03054-CD13-486B-9690-DBB44F113F40}"
EndProject
Project("{FAE04EC0-301F-11D3-BF4B-00C04F79EFBC}") = "CalendarSynchronizer", "CalendarSynchronizer\CalendarSynchronizer.csproj", "{A97AFCDF-81BC-49BD-B64C-DB9DC050D502}"
EndProject
Global
	GlobalSection(SolutionConfigurationPlatforms) = preSolution
		Debug|Any CPU = Debug|Any CPU
		Release|Any CPU = Release|Any CPU
	EndGlobalSection
	GlobalSection(ProjectConfigurationPlatforms) = postSolution
		{555E2B1C-B677-433C-9A0D-A9C7912FF76A}.Debug|Any CPU.ActiveCfg = Debug|Any CPU
		{555E2B1C-B677-433C-9A0D-A9C7912FF76A}.Debug|Any CPU.Build.0 = Debug|Any CPU
		{555E2B1C-B677-433C-9A0D-A9C7912FF76A}.Release|Any CPU.ActiveCfg = Release|Any CPU
		{555E2B1C-B677-433C-9A0D-A9C7912FF76A}.Release|Any CPU.Build.0 = Release|Any CPU
		{13F21010-0862-43F8-B85D-621F878E120D}.Debug|Any CPU.ActiveCfg = Debug|Any CPU
		{13F21010-0862-43F8-B85D-621F878E120D}.Debug|Any CPU.Build.0 = Debug|Any CPU
		{13F21010-0862-43F8-B85D-621F878E120D}.Release|Any CPU.ActiveCfg = Release|Any CPU
		{13F21010-0862-43F8-B85D-621F878E120D}.Release|Any CPU.Build.0 = Release|Any CPU
		{7D9990EA-7F3D-4236-B07B-9D309841C204}.Debug|Any CPU.ActiveCfg = Debug|Any CPU
		{7D9990EA-7F3D-4236-B07B-9D309841C204}.Debug|Any CPU.Build.0 = Debug|Any CPU
		{7D9990EA-7F3D-4236-B07B-9D309841C204}.Release|Any CPU.ActiveCfg = Release|Any CPU
		{7D9990EA-7F3D-4236-B07B-9D309841C204}.Release|Any CPU.Build.0 = Release|Any CPU
		{82D03054-CD13-486B-9690-DBB44F113F40}.Debug|Any CPU.ActiveCfg = Debug|Any CPU
		{82D03054-CD13-486B-9690-DBB44F113F40}.Debug|Any CPU.Build.0 = Debug|Any CPU
		{82D03054-CD13-486B-9690-DBB44F113F40}.Release|Any CPU.ActiveCfg = Release|Any CPU
		{82D03054-CD13-486B-9690-DBB44F113F40}.Release|Any CPU.Build.0 = Release|Any CPU
		{A97AFCDF-81BC-49BD-B64C-DB9DC050D502}.Debug|Any CPU.ActiveCfg = Debug|Any CPU
		{A97AFCDF-81BC-49BD-B64C-DB9DC050D502}.Debug|Any CPU.Build.0 = Debug|Any CPU
		{A97AFCDF-81BC-49BD-B64C-DB9DC050D502}.Release|Any CPU.ActiveCfg = Release|Any CPU
		{A97AFCDF-81BC-49BD-B64C-DB9DC050D502}.Release|Any CPU.Build.0 = Release|Any CPU
	EndGlobalSection
	GlobalSection(SolutionProperties) = preSolution
		HideSolutionNode = FALSE
	EndGlobalSection
EndGlobal
